
Microsoft Visual Studio Solution File, Format Version 12.00
# Visual Studio 15
VisualStudioVersion = 15.0.28307.136
MinimumVisualStudioVersion = 10.0.40219.1
Project("{FAE04EC0-301F-11D3-BF4B-00C04F79EFBC}") = "VFKN", "VFKN\VFKN.csproj", "{D8E2902F-8DA7-4DAA-83CC-2BBAFECF907B}"
EndProject
Project("{FAE04EC0-301F-11D3-BF4B-00C04F79EFBC}") = "VFKN.Tests", "UnitTestProject1\VFKN.Tests.csproj", "{A2281232-D315-43FD-B568-03EC233E2425}"
EndProject
Global
	GlobalSection(SolutionConfigurationPlatforms) = preSolution
		Debug|Any CPU = Debug|Any CPU
		Release|Any CPU = Release|Any CPU
	EndGlobalSection
	GlobalSection(ProjectConfigurationPlatforms) = postSolution
		{D8E2902F-8DA7-4DAA-83CC-2BBAFECF907B}.Debug|Any CPU.ActiveCfg = Debug|Any CPU
		{D8E2902F-8DA7-4DAA-83CC-2BBAFECF907B}.Debug|Any CPU.Build.0 = Debug|Any CPU
		{D8E2902F-8DA7-4DAA-83CC-2BBAFECF907B}.Release|Any CPU.ActiveCfg = Release|Any CPU
		{D8E2902F-8DA7-4DAA-83CC-2BBAFECF907B}.Release|Any CPU.Build.0 = Release|Any CPU
		{A2281232-D315-43FD-B568-03EC233E2425}.Debug|Any CPU.ActiveCfg = Debug|Any CPU
		{A2281232-D315-43FD-B568-03EC233E2425}.Debug|Any CPU.Build.0 = Debug|Any CPU
		{A2281232-D315-43FD-B568-03EC233E2425}.Release|Any CPU.ActiveCfg = Release|Any CPU
		{A2281232-D315-43FD-B568-03EC233E2425}.Release|Any CPU.Build.0 = Release|Any CPU
	EndGlobalSection
	GlobalSection(SolutionProperties) = preSolution
		HideSolutionNode = FALSE
	EndGlobalSection
	GlobalSection(ExtensibilityGlobals) = postSolution
		SolutionGuid = {6020A497-944F-4205-9DFD-4F07211B481C}
	EndGlobalSection
EndGlobal
